
Microsoft Visual Studio Solution File, Format Version 12.00
# Visual Studio Version 17
VisualStudioVersion = 17.11.35312.102
MinimumVisualStudioVersion = 10.0.40219.1
Project("{FAE04EC0-301F-11D3-BF4B-00C04F79EFBC}") = "компьютерный практикум №9", "компьютерный практикум №9\компьютерный практикум №9.csproj", "{3B78C233-482C-4473-976D-9BAA2D6C26C0}"
EndProject
Global
	GlobalSection(SolutionConfigurationPlatforms) = preSolution
		Debug|Any CPU = Debug|Any CPU
		Release|Any CPU = Release|Any CPU
	EndGlobalSection
	GlobalSection(ProjectConfigurationPlatforms) = postSolution
		{3B78C233-482C-4473-976D-9BAA2D6C26C0}.Debug|Any CPU.ActiveCfg = Debug|Any CPU
		{3B78C233-482C-4473-976D-9BAA2D6C26C0}.Debug|Any CPU.Build.0 = Debug|Any CPU
		{3B78C233-482C-4473-976D-9BAA2D6C26C0}.Release|Any CPU.ActiveCfg = Release|Any CPU
		{3B78C233-482C-4473-976D-9BAA2D6C26C0}.Release|Any CPU.Build.0 = Release|Any CPU
	EndGlobalSection
	GlobalSection(SolutionProperties) = preSolution
		HideSolutionNode = FALSE
	EndGlobalSection
	GlobalSection(ExtensibilityGlobals) = postSolution
		SolutionGuid = {DB1902AA-8AA9-4B3D-98AA-D6E51E1E32F8}
	EndGlobalSection
EndGlobal
